
Microsoft Visual Studio Solution File, Format Version 12.00
# Visual Studio 14
VisualStudioVersion = 14.0.24720.0
MinimumVisualStudioVersion = 10.0.40219.1
Project("{FAE04EC0-301F-11D3-BF4B-00C04F79EFBC}") = "ReactiveUI.Validation.Droid", "ReactiveUI.Validation\ReactiveUI.Validation.Droid\ReactiveUI.Validation.Droid.csproj", "{33E857FE-2548-4441-8BAB-34015C2213E4}"
EndProject
Project("{FAE04EC0-301F-11D3-BF4B-00C04F79EFBC}") = "ReactiveUI.Validation.iOS", "ReactiveUI.Validation\ReactiveUI.Validation.iOS\ReactiveUI.Validation.iOS.csproj", "{342D4DD5-4119-4A1A-8CB9-8023542246B8}"
EndProject
Project("{FAE04EC0-301F-11D3-BF4B-00C04F79EFBC}") = "ReactiveUI.Validation", "ReactiveUI.Validation\ReactiveUI.Validation\ReactiveUI.Validation.csproj", "{14011045-4680-4E3C-BD7C-E57461F25B72}"
EndProject
Project("{2150E333-8FDC-42A3-9474-1A3956D46DE8}") = "Solution Items", "Solution Items", "{6A8DF112-40BF-4F5B-B473-A44A2732E7E3}"
	ProjectSection(SolutionItems) = preProject
		readme.md = readme.md
	EndProjectSection
EndProject
Global
	GlobalSection(SolutionConfigurationPlatforms) = preSolution
		AppStore|Any CPU = AppStore|Any CPU
		AppStore|ARM = AppStore|ARM
		AppStore|iPhone = AppStore|iPhone
		AppStore|iPhoneSimulator = AppStore|iPhoneSimulator
		AppStore|x86 = AppStore|x86
		Debug|Any CPU = Debug|Any CPU
		Debug|ARM = Debug|ARM
		Debug|iPhone = Debug|iPhone
		Debug|iPhoneSimulator = Debug|iPhoneSimulator
		Debug|x86 = Debug|x86
		Release|Any CPU = Release|Any CPU
		Release|ARM = Release|ARM
		Release|iPhone = Release|iPhone
		Release|iPhoneSimulator = Release|iPhoneSimulator
		Release|x86 = Release|x86
	EndGlobalSection
	GlobalSection(ProjectConfigurationPlatforms) = postSolution
		{33E857FE-2548-4441-8BAB-34015C2213E4}.AppStore|Any CPU.ActiveCfg = Release|Any CPU
		{33E857FE-2548-4441-8BAB-34015C2213E4}.AppStore|Any CPU.Build.0 = Release|Any CPU
		{33E857FE-2548-4441-8BAB-34015C2213E4}.AppStore|Any CPU.Deploy.0 = Release|Any CPU
		{33E857FE-2548-4441-8BAB-34015C2213E4}.AppStore|ARM.ActiveCfg = Release|Any CPU
		{33E857FE-2548-4441-8BAB-34015C2213E4}.AppStore|ARM.Build.0 = Release|Any CPU
		{33E857FE-2548-4441-8BAB-34015C2213E4}.AppStore|ARM.Deploy.0 = Release|Any CPU
		{33E857FE-2548-4441-8BAB-34015C2213E4}.AppStore|iPhone.ActiveCfg = Release|Any CPU
		{33E857FE-2548-4441-8BAB-34015C2213E4}.AppStore|iPhone.Build.0 = Release|Any CPU
		{33E857FE-2548-4441-8BAB-34015C2213E4}.AppStore|iPhone.Deploy.0 = Release|Any CPU
		{33E857FE-2548-4441-8BAB-34015C2213E4}.AppStore|iPhoneSimulator.ActiveCfg = Release|Any CPU
		{33E857FE-2548-4441-8BAB-34015C2213E4}.AppStore|iPhoneSimulator.Build.0 = Release|Any CPU
		{33E857FE-2548-4441-8BAB-34015C2213E4}.AppStore|iPhoneSimulator.Deploy.0 = Release|Any CPU
		{33E857FE-2548-4441-8BAB-34015C2213E4}.AppStore|x86.ActiveCfg = Release|Any CPU
		{33E857FE-2548-4441-8BAB-34015C2213E4}.AppStore|x86.Build.0 = Release|Any CPU
		{33E857FE-2548-4441-8BAB-34015C2213E4}.AppStore|x86.Deploy.0 = Release|Any CPU
		{33E857FE-2548-4441-8BAB-34015C2213E4}.Debug|Any CPU.ActiveCfg = Debug|Any CPU
		{33E857FE-2548-4441-8BAB-34015C2213E4}.Debug|Any CPU.Build.0 = Debug|Any CPU
		{33E857FE-2548-4441-8BAB-34015C2213E4}.Debug|Any CPU.Deploy.0 = Debug|Any CPU
		{33E857FE-2548-4441-8BAB-34015C2213E4}.Debug|ARM.ActiveCfg = Debug|Any CPU
		{33E857FE-2548-4441-8BAB-34015C2213E4}.Debug|ARM.Build.0 = Debug|Any CPU
		{33E857FE-2548-4441-8BAB-34015C2213E4}.Debug|ARM.Deploy.0 = Debug|Any CPU
		{33E857FE-2548-4441-8BAB-34015C2213E4}.Debug|iPhone.ActiveCfg = Debug|Any CPU
		{33E857FE-2548-4441-8BAB-34015C2213E4}.Debug|iPhone.Build.0 = Debug|Any CPU
		{33E857FE-2548-4441-8BAB-34015C2213E4}.Debug|iPhone.Deploy.0 = Debug|Any CPU
		{33E857FE-2548-4441-8BAB-34015C2213E4}.Debug|iPhoneSimulator.ActiveCfg = Debug|Any CPU
		{33E857FE-2548-4441-8BAB-34015C2213E4}.Debug|iPhoneSimulator.Build.0 = Debug|Any CPU
		{33E857FE-2548-4441-8BAB-34015C2213E4}.Debug|iPhoneSimulator.Deploy.0 = Debug|Any CPU
		{33E857FE-2548-4441-8BAB-34015C2213E4}.Debug|x86.ActiveCfg = Debug|Any CPU
		{33E857FE-2548-4441-8BAB-34015C2213E4}.Debug|x86.Build.0 = Debug|Any CPU
		{33E857FE-2548-4441-8BAB-34015C2213E4}.Debug|x86.Deploy.0 = Debug|Any CPU
		{33E857FE-2548-4441-8BAB-34015C2213E4}.Release|Any CPU.ActiveCfg = Release|Any CPU
		{33E857FE-2548-4441-8BAB-34015C2213E4}.Release|Any CPU.Build.0 = Release|Any CPU
		{33E857FE-2548-4441-8BAB-34015C2213E4}.Release|Any CPU.Deploy.0 = Release|Any CPU
		{33E857FE-2548-4441-8BAB-34015C2213E4}.Release|ARM.ActiveCfg = Release|Any CPU
		{33E857FE-2548-4441-8BAB-34015C2213E4}.Release|ARM.Build.0 = Release|Any CPU
		{33E857FE-2548-4441-8BAB-34015C2213E4}.Release|ARM.Deploy.0 = Release|Any CPU
		{33E857FE-2548-4441-8BAB-34015C2213E4}.Release|iPhone.ActiveCfg = Release|Any CPU
		{33E857FE-2548-4441-8BAB-34015C2213E4}.Release|iPhone.Build.0 = Release|Any CPU
		{33E857FE-2548-4441-8BAB-34015C2213E4}.Release|iPhone.Deploy.0 = Release|Any CPU
		{33E857FE-2548-4441-8BAB-34015C2213E4}.Release|iPhoneSimulator.ActiveCfg = Release|Any CPU
		{33E857FE-2548-4441-8BAB-34015C2213E4}.Release|iPhoneSimulator.Build.0 = Release|Any CPU
		{33E857FE-2548-4441-8BAB-34015C2213E4}.Release|iPhoneSimulator.Deploy.0 = Release|Any CPU
		{33E857FE-2548-4441-8BAB-34015C2213E4}.Release|x86.ActiveCfg = Release|Any CPU
		{33E857FE-2548-4441-8BAB-34015C2213E4}.Release|x86.Build.0 = Release|Any CPU
		{33E857FE-2548-4441-8BAB-34015C2213E4}.Release|x86.Deploy.0 = Release|Any CPU
		{342D4DD5-4119-4A1A-8CB9-8023542246B8}.AppStore|Any CPU.ActiveCfg = AppStore|iPhone
		{342D4DD5-4119-4A1A-8CB9-8023542246B8}.AppStore|ARM.ActiveCfg = AppStore|iPhone
		{342D4DD5-4119-4A1A-8CB9-8023542246B8}.AppStore|iPhone.ActiveCfg = AppStore|iPhone
		{342D4DD5-4119-4A1A-8CB9-8023542246B8}.AppStore|iPhone.Build.0 = AppStore|iPhone
		{342D4DD5-4119-4A1A-8CB9-8023542246B8}.AppStore|iPhoneSimulator.ActiveCfg = AppStore|iPhoneSimulator
		{342D4DD5-4119-4A1A-8CB9-8023542246B8}.AppStore|iPhoneSimulator.Build.0 = AppStore|iPhoneSimulator
		{342D4DD5-4119-4A1A-8CB9-8023542246B8}.AppStore|x86.ActiveCfg = AppStore|iPhone
		{342D4DD5-4119-4A1A-8CB9-8023542246B8}.Debug|Any CPU.ActiveCfg = Debug|iPhone
		{342D4DD5-4119-4A1A-8CB9-8023542246B8}.Debug|ARM.ActiveCfg = Debug|iPhone
		{342D4DD5-4119-4A1A-8CB9-8023542246B8}.Debug|iPhone.ActiveCfg = Debug|iPhone
		{342D4DD5-4119-4A1A-8CB9-8023542246B8}.Debug|iPhone.Build.0 = Debug|iPhone
		{342D4DD5-4119-4A1A-8CB9-8023542246B8}.Debug|iPhoneSimulator.ActiveCfg = Debug|iPhoneSimulator
		{342D4DD5-4119-4A1A-8CB9-8023542246B8}.Debug|iPhoneSimulator.Build.0 = Debug|iPhoneSimulator
		{342D4DD5-4119-4A1A-8CB9-8023542246B8}.Debug|x86.ActiveCfg = Debug|iPhone
		{342D4DD5-4119-4A1A-8CB9-8023542246B8}.Release|Any CPU.ActiveCfg = Release|iPhone
		{342D4DD5-4119-4A1A-8CB9-8023542246B8}.Release|ARM.ActiveCfg = Release|iPhone
		{342D4DD5-4119-4A1A-8CB9-8023542246B8}.Release|iPhone.ActiveCfg = Release|iPhone
		{342D4DD5-4119-4A1A-8CB9-8023542246B8}.Release|iPhone.Build.0 = Release|iPhone
		{342D4DD5-4119-4A1A-8CB9-8023542246B8}.Release|iPhoneSimulator.ActiveCfg = Release|iPhoneSimulator
		{342D4DD5-4119-4A1A-8CB9-8023542246B8}.Release|iPhoneSimulator.Build.0 = Release|iPhoneSimulator
		{342D4DD5-4119-4A1A-8CB9-8023542246B8}.Release|x86.ActiveCfg = Release|iPhone
		{14011045-4680-4E3C-BD7C-E57461F25B72}.AppStore|Any CPU.ActiveCfg = Release|Any CPU
		{14011045-4680-4E3C-BD7C-E57461F25B72}.AppStore|Any CPU.Build.0 = Release|Any CPU
		{14011045-4680-4E3C-BD7C-E57461F25B72}.AppStore|ARM.ActiveCfg = Release|Any CPU
		{14011045-4680-4E3C-BD7C-E57461F25B72}.AppStore|ARM.Build.0 = Release|Any CPU
		{14011045-4680-4E3C-BD7C-E57461F25B72}.AppStore|iPhone.ActiveCfg = Release|Any CPU
		{14011045-4680-4E3C-BD7C-E57461F25B72}.AppStore|iPhone.Build.0 = Release|Any CPU
		{14011045-4680-4E3C-BD7C-E57461F25B72}.AppStore|iPhoneSimulator.ActiveCfg = Release|Any CPU
		{14011045-4680-4E3C-BD7C-E57461F25B72}.AppStore|iPhoneSimulator.Build.0 = Release|Any CPU
		{14011045-4680-4E3C-BD7C-E57461F25B72}.AppStore|x86.ActiveCfg = Release|Any CPU
		{14011045-4680-4E3C-BD7C-E57461F25B72}.AppStore|x86.Build.0 = Release|Any CPU
		{14011045-4680-4E3C-BD7C-E57461F25B72}.Debug|Any CPU.ActiveCfg = Debug|Any CPU
		{14011045-4680-4E3C-BD7C-E57461F25B72}.Debug|Any CPU.Build.0 = Debug|Any CPU
		{14011045-4680-4E3C-BD7C-E57461F25B72}.Debug|ARM.ActiveCfg = Debug|Any CPU
		{14011045-4680-4E3C-BD7C-E57461F25B72}.Debug|ARM.Build.0 = Debug|Any CPU
		{14011045-4680-4E3C-BD7C-E57461F25B72}.Debug|iPhone.ActiveCfg = Debug|Any CPU
		{14011045-4680-4E3C-BD7C-E57461F25B72}.Debug|iPhone.Build.0 = Debug|Any CPU
		{14011045-4680-4E3C-BD7C-E57461F25B72}.Debug|iPhoneSimulator.ActiveCfg = Debug|Any CPU
		{14011045-4680-4E3C-BD7C-E57461F25B72}.Debug|iPhoneSimulator.Build.0 = Debug|Any CPU
		{14011045-4680-4E3C-BD7C-E57461F25B72}.Debug|x86.ActiveCfg = Debug|Any CPU
		{14011045-4680-4E3C-BD7C-E57461F25B72}.Debug|x86.Build.0 = Debug|Any CPU
		{14011045-4680-4E3C-BD7C-E57461F25B72}.Release|Any CPU.ActiveCfg = Release|Any CPU
		{14011045-4680-4E3C-BD7C-E57461F25B72}.Release|Any CPU.Build.0 = Release|Any CPU
		{14011045-4680-4E3C-BD7C-E57461F25B72}.Release|ARM.ActiveCfg = Release|Any CPU
		{14011045-4680-4E3C-BD7C-E57461F25B72}.Release|ARM.Build.0 = Release|Any CPU
		{14011045-4680-4E3C-BD7C-E57461F25B72}.Release|iPhone.ActiveCfg = Release|Any CPU
		{14011045-4680-4E3C-BD7C-E57461F25B72}.Release|iPhone.Build.0 = Release|Any CPU
		{14011045-4680-4E3C-BD7C-E57461F25B72}.Release|iPhoneSimulator.ActiveCfg = Release|Any CPU
		{14011045-4680-4E3C-BD7C-E57461F25B72}.Release|iPhoneSimulator.Build.0 = Release|Any CPU
		{14011045-4680-4E3C-BD7C-E57461F25B72}.Release|x86.ActiveCfg = Release|Any CPU
		{14011045-4680-4E3C-BD7C-E57461F25B72}.Release|x86.Build.0 = Release|Any CPU
	EndGlobalSection
	GlobalSection(SolutionProperties) = preSolution
		HideSolutionNode = FALSE
	EndGlobalSection
EndGlobal
